
Microsoft Visual Studio Solution File, Format Version 12.00
# Visual Studio 2013
VisualStudioVersion = 12.0.31101.0
MinimumVisualStudioVersion = 10.0.40219.1
Project("{FAE04EC0-301F-11D3-BF4B-00C04F79EFBC}") = "KusPh", "KusPh\KusPh.csproj", "{30E855D5-53D7-436B-8274-F49F3AFA364D}"
EndProject
Project("{FAE04EC0-301F-11D3-BF4B-00C04F79EFBC}") = "KusPh.Tests", "KusPh.Tests\KusPh.Tests.csproj", "{A2B9D1B3-65E0-457F-88C0-EE3E092C0866}"
EndProject
Project("{FAE04EC0-301F-11D3-BF4B-00C04F79EFBC}") = "DataRepository", "..\Security\DataRepository\DataRepository.csproj", "{DAF6E782-54CF-428A-9CEC-02A95A35FAD2}"
EndProject
Project("{FAE04EC0-301F-11D3-BF4B-00C04F79EFBC}") = "SecurityDataModel", "..\Security\SecurityDataModel\SecurityDataModel.csproj", "{970B9170-F1B0-4AE3-B257-F6848B58768A}"
EndProject
Project("{FAE04EC0-301F-11D3-BF4B-00C04F79EFBC}") = "WebSecurity", "..\Security\WebSecurity\WebSecurity.csproj", "{1268F61D-55E0-4428-83A5-F543C929AC6D}"
EndProject
Project("{FAE04EC0-301F-11D3-BF4B-00C04F79EFBC}") = "SystemTools", "..\Taxorg\SystemTools\SystemTools.csproj", "{8FB401C3-7285-4F17-A192-41F6CB77FC61}"
EndProject
Global
	GlobalSection(SolutionConfigurationPlatforms) = preSolution
		Debug|Any CPU = Debug|Any CPU
		Release|Any CPU = Release|Any CPU
	EndGlobalSection
	GlobalSection(ProjectConfigurationPlatforms) = postSolution
		{30E855D5-53D7-436B-8274-F49F3AFA364D}.Debug|Any CPU.ActiveCfg = Debug|Any CPU
		{30E855D5-53D7-436B-8274-F49F3AFA364D}.Debug|Any CPU.Build.0 = Debug|Any CPU
		{30E855D5-53D7-436B-8274-F49F3AFA364D}.Release|Any CPU.ActiveCfg = Release|Any CPU
		{30E855D5-53D7-436B-8274-F49F3AFA364D}.Release|Any CPU.Build.0 = Release|Any CPU
		{A2B9D1B3-65E0-457F-88C0-EE3E092C0866}.Debug|Any CPU.ActiveCfg = Debug|Any CPU
		{A2B9D1B3-65E0-457F-88C0-EE3E092C0866}.Debug|Any CPU.Build.0 = Debug|Any CPU
		{A2B9D1B3-65E0-457F-88C0-EE3E092C0866}.Release|Any CPU.ActiveCfg = Release|Any CPU
		{A2B9D1B3-65E0-457F-88C0-EE3E092C0866}.Release|Any CPU.Build.0 = Release|Any CPU
		{DAF6E782-54CF-428A-9CEC-02A95A35FAD2}.Debug|Any CPU.ActiveCfg = Debug|Any CPU
		{DAF6E782-54CF-428A-9CEC-02A95A35FAD2}.Debug|Any CPU.Build.0 = Debug|Any CPU
		{DAF6E782-54CF-428A-9CEC-02A95A35FAD2}.Release|Any CPU.ActiveCfg = Release|Any CPU
		{DAF6E782-54CF-428A-9CEC-02A95A35FAD2}.Release|Any CPU.Build.0 = Release|Any CPU
		{970B9170-F1B0-4AE3-B257-F6848B58768A}.Debug|Any CPU.ActiveCfg = Debug|Any CPU
		{970B9170-F1B0-4AE3-B257-F6848B58768A}.Debug|Any CPU.Build.0 = Debug|Any CPU
		{970B9170-F1B0-4AE3-B257-F6848B58768A}.Release|Any CPU.ActiveCfg = Release|Any CPU
		{970B9170-F1B0-4AE3-B257-F6848B58768A}.Release|Any CPU.Build.0 = Release|Any CPU
		{1268F61D-55E0-4428-83A5-F543C929AC6D}.Debug|Any CPU.ActiveCfg = Debug|Any CPU
		{1268F61D-55E0-4428-83A5-F543C929AC6D}.Debug|Any CPU.Build.0 = Debug|Any CPU
		{1268F61D-55E0-4428-83A5-F543C929AC6D}.Release|Any CPU.ActiveCfg = Release|Any CPU
		{1268F61D-55E0-4428-83A5-F543C929AC6D}.Release|Any CPU.Build.0 = Release|Any CPU
		{8FB401C3-7285-4F17-A192-41F6CB77FC61}.Debug|Any CPU.ActiveCfg = Debug|Any CPU
		{8FB401C3-7285-4F17-A192-41F6CB77FC61}.Debug|Any CPU.Build.0 = Debug|Any CPU
		{8FB401C3-7285-4F17-A192-41F6CB77FC61}.Release|Any CPU.ActiveCfg = Release|Any CPU
		{8FB401C3-7285-4F17-A192-41F6CB77FC61}.Release|Any CPU.Build.0 = Release|Any CPU
	EndGlobalSection
	GlobalSection(SolutionProperties) = preSolution
		HideSolutionNode = FALSE
	EndGlobalSection
EndGlobal
